
Microsoft Visual Studio Solution File, Format Version 12.00
# Visual Studio Version 17
VisualStudioVersion = 17.4.33213.308
MinimumVisualStudioVersion = 10.0.40219.1
Project("{9A19103F-16F7-4668-BE54-9A1E7A4F7556}") = "RestWithASPNET", "RestWithASPNET\RestWithASPNET.csproj", "{5BD9C9BC-2413-4848-AD95-1579E60A248C}"
EndProject
Project("{E53339B2-1760-4266-BCC7-CA923CBCF16C}") = "docker-compose", "docker-compose.dcproj", "{FAA600B4-5D6E-4448-9ABE-DA6E44B6E049}"
EndProject
Global
	GlobalSection(SolutionConfigurationPlatforms) = preSolution
		Debug|Any CPU = Debug|Any CPU
		Release|Any CPU = Release|Any CPU
	EndGlobalSection
	GlobalSection(ProjectConfigurationPlatforms) = postSolution
		{5BD9C9BC-2413-4848-AD95-1579E60A248C}.Debug|Any CPU.ActiveCfg = Debug|Any CPU
		{5BD9C9BC-2413-4848-AD95-1579E60A248C}.Debug|Any CPU.Build.0 = Debug|Any CPU
		{5BD9C9BC-2413-4848-AD95-1579E60A248C}.Release|Any CPU.ActiveCfg = Release|Any CPU
		{5BD9C9BC-2413-4848-AD95-1579E60A248C}.Release|Any CPU.Build.0 = Release|Any CPU
		{FAA600B4-5D6E-4448-9ABE-DA6E44B6E049}.Debug|Any CPU.ActiveCfg = Debug|Any CPU
		{FAA600B4-5D6E-4448-9ABE-DA6E44B6E049}.Debug|Any CPU.Build.0 = Debug|Any CPU
		{FAA600B4-5D6E-4448-9ABE-DA6E44B6E049}.Release|Any CPU.ActiveCfg = Release|Any CPU
		{FAA600B4-5D6E-4448-9ABE-DA6E44B6E049}.Release|Any CPU.Build.0 = Release|Any CPU
	EndGlobalSection
	GlobalSection(SolutionProperties) = preSolution
		HideSolutionNode = FALSE
	EndGlobalSection
	GlobalSection(ExtensibilityGlobals) = postSolution
		SolutionGuid = {3CC6BCA5-BFDD-40ED-9A76-D0738C2CC134}
	EndGlobalSection
EndGlobal
